
Microsoft Visual Studio Solution File, Format Version 12.00
# Visual Studio Version 16
VisualStudioVersion = 16.0.30011.19
MinimumVisualStudioVersion = 10.0.40219.1
Project("{9A19103F-16F7-4668-BE54-9A1E7A4F7556}") = "UserAPI", "UserAPI\UserAPI.csproj", "{4F388E97-2C63-44C1-9CD9-977CC5A7C924}"
EndProject
Project("{9A19103F-16F7-4668-BE54-9A1E7A4F7556}") = "OrderAPI", "OrderAPI\OrderAPI.csproj", "{9D2D3AB8-966D-4A1C-9C89-2E577D97C05F}"
EndProject
Project("{9A19103F-16F7-4668-BE54-9A1E7A4F7556}") = "UserOrderAggregator", "UserOrderAggregator\UserOrderAggregator.csproj", "{91D9E409-7D4C-4E1D-B283-11BEA82EA65D}"
EndProject
Project("{2150E333-8FDC-42A3-9474-1A3956D46DE8}") = "Solution Items", "Solution Items", "{3E001FD7-BDD7-4761-B00F-8566A99456E3}"
	ProjectSection(SolutionItems) = preProject
		.gitignore = .gitignore
		Jaeger.yml = Jaeger.yml
		sqlserver-configmap.yml = sqlserver-configmap.yml
		sqlserver-secret.yml = sqlserver-secret.yml
	EndProjectSection
EndProject
Global
	GlobalSection(SolutionConfigurationPlatforms) = preSolution
		Debug|Any CPU = Debug|Any CPU
		Release|Any CPU = Release|Any CPU
	EndGlobalSection
	GlobalSection(ProjectConfigurationPlatforms) = postSolution
		{4F388E97-2C63-44C1-9CD9-977CC5A7C924}.Debug|Any CPU.ActiveCfg = Debug|Any CPU
		{4F388E97-2C63-44C1-9CD9-977CC5A7C924}.Debug|Any CPU.Build.0 = Debug|Any CPU
		{4F388E97-2C63-44C1-9CD9-977CC5A7C924}.Release|Any CPU.ActiveCfg = Release|Any CPU
		{4F388E97-2C63-44C1-9CD9-977CC5A7C924}.Release|Any CPU.Build.0 = Release|Any CPU
		{9D2D3AB8-966D-4A1C-9C89-2E577D97C05F}.Debug|Any CPU.ActiveCfg = Debug|Any CPU
		{9D2D3AB8-966D-4A1C-9C89-2E577D97C05F}.Debug|Any CPU.Build.0 = Debug|Any CPU
		{9D2D3AB8-966D-4A1C-9C89-2E577D97C05F}.Release|Any CPU.ActiveCfg = Release|Any CPU
		{9D2D3AB8-966D-4A1C-9C89-2E577D97C05F}.Release|Any CPU.Build.0 = Release|Any CPU
		{91D9E409-7D4C-4E1D-B283-11BEA82EA65D}.Debug|Any CPU.ActiveCfg = Debug|Any CPU
		{91D9E409-7D4C-4E1D-B283-11BEA82EA65D}.Debug|Any CPU.Build.0 = Debug|Any CPU
		{91D9E409-7D4C-4E1D-B283-11BEA82EA65D}.Release|Any CPU.ActiveCfg = Release|Any CPU
		{91D9E409-7D4C-4E1D-B283-11BEA82EA65D}.Release|Any CPU.Build.0 = Release|Any CPU
	EndGlobalSection
	GlobalSection(SolutionProperties) = preSolution
		HideSolutionNode = FALSE
	EndGlobalSection
	GlobalSection(ExtensibilityGlobals) = postSolution
		SolutionGuid = {C4432644-E530-4529-9B2B-12F2226DE949}
	EndGlobalSection
EndGlobal
